
Microsoft Visual Studio Solution File, Format Version 12.00
# Visual Studio Version 16
VisualStudioVersion = 16.0.32602.291
MinimumVisualStudioVersion = 10.0.40219.1
Project("{9A19103F-16F7-4668-BE54-9A1E7A4F7556}") = "ProjectDndConsole", "ProjectDndConsole.csproj", "{F7A887CC-28CE-4224-83C5-74B336FD8016}"
EndProject
Global
	GlobalSection(SolutionConfigurationPlatforms) = preSolution
		Debug|Any CPU = Debug|Any CPU
		Release|Any CPU = Release|Any CPU
	EndGlobalSection
	GlobalSection(ProjectConfigurationPlatforms) = postSolution
		{F7A887CC-28CE-4224-83C5-74B336FD8016}.Debug|Any CPU.ActiveCfg = Debug|Any CPU
		{F7A887CC-28CE-4224-83C5-74B336FD8016}.Debug|Any CPU.Build.0 = Debug|Any CPU
		{F7A887CC-28CE-4224-83C5-74B336FD8016}.Release|Any CPU.ActiveCfg = Release|Any CPU
		{F7A887CC-28CE-4224-83C5-74B336FD8016}.Release|Any CPU.Build.0 = Release|Any CPU
	EndGlobalSection
	GlobalSection(SolutionProperties) = preSolution
		HideSolutionNode = FALSE
	EndGlobalSection
	GlobalSection(ExtensibilityGlobals) = postSolution
		SolutionGuid = {3BBDC47D-FBB5-45EF-B8E4-A832D9D35CA4}
	EndGlobalSection
EndGlobal
